
Microsoft Visual Studio Solution File, Format Version 12.00
# Visual Studio Version 16
VisualStudioVersion = 16.0.31702.278
MinimumVisualStudioVersion = 10.0.40219.1
Project("{FAE04EC0-301F-11D3-BF4B-00C04F79EFBC}") = "PublicRepository", "PublicRepository\PublicRepository.csproj", "{3888DA86-A8CF-4B6D-8D71-3A769E8BD9A5}"
EndProject
Global
	GlobalSection(SolutionConfigurationPlatforms) = preSolution
		Debug|Any CPU = Debug|Any CPU
		Release|Any CPU = Release|Any CPU
	EndGlobalSection
	GlobalSection(ProjectConfigurationPlatforms) = postSolution
		{3888DA86-A8CF-4B6D-8D71-3A769E8BD9A5}.Debug|Any CPU.ActiveCfg = Debug|Any CPU
		{3888DA86-A8CF-4B6D-8D71-3A769E8BD9A5}.Debug|Any CPU.Build.0 = Debug|Any CPU
		{3888DA86-A8CF-4B6D-8D71-3A769E8BD9A5}.Release|Any CPU.ActiveCfg = Release|Any CPU
		{3888DA86-A8CF-4B6D-8D71-3A769E8BD9A5}.Release|Any CPU.Build.0 = Release|Any CPU
	EndGlobalSection
	GlobalSection(SolutionProperties) = preSolution
		HideSolutionNode = FALSE
	EndGlobalSection
	GlobalSection(ExtensibilityGlobals) = postSolution
		SolutionGuid = {4C26D2C9-6C93-4678-931B-DDA4B5F68A84}
	EndGlobalSection
EndGlobal
